
Microsoft Visual Studio Solution File, Format Version 12.00
Project("{FAE04EC0-301F-11D3-BF4B-00C04F79EFBC}") = "OathToOrderCore", "OathToOrderCore\OathToOrderCore.csproj", "{82D2647B-B632-4A1F-95DC-1FB1ED6590AA}"
EndProject
Global
	GlobalSection(SolutionConfigurationPlatforms) = preSolution
		Debug|Any CPU = Debug|Any CPU
		Release|Any CPU = Release|Any CPU
		Testing|Any CPU = Testing|Any CPU
	EndGlobalSection
	GlobalSection(ProjectConfigurationPlatforms) = postSolution
		{82D2647B-B632-4A1F-95DC-1FB1ED6590AA}.Debug|Any CPU.ActiveCfg = Debug|Any CPU
		{82D2647B-B632-4A1F-95DC-1FB1ED6590AA}.Debug|Any CPU.Build.0 = Debug|Any CPU
		{82D2647B-B632-4A1F-95DC-1FB1ED6590AA}.Release|Any CPU.ActiveCfg = Release|Any CPU
		{82D2647B-B632-4A1F-95DC-1FB1ED6590AA}.Release|Any CPU.Build.0 = Release|Any CPU
		{82D2647B-B632-4A1F-95DC-1FB1ED6590AA}.Testing|Any CPU.ActiveCfg = Debug|Any CPU
		{82D2647B-B632-4A1F-95DC-1FB1ED6590AA}.Testing|Any CPU.Build.0 = Debug|Any CPU
	EndGlobalSection
EndGlobal
